// !$*UTF8*$!
{
	archiveVersion = 1;
	classes = {
	};
	objectVersion = 50;
	objects = {

/* Begin PBXBuildFile section */
		872A80C024AE46B600B843E1 /* AppDelegate.swift in Sources */ = {isa = PBXBuildFile; fileRef = 872A80BF24AE46B600B843E1 /* AppDelegate.swift */; };
		872A80C224AE46B600B843E1 /* SceneDelegate.swift in Sources */ = {isa = PBXBuildFile; fileRef = 872A80C124AE46B600B843E1 /* SceneDelegate.swift */; };
		872A80C424AE46B600B843E1 /* EmojiArtDocumentView.swift in Sources */ = {isa = PBXBuildFile; fileRef = 872A80C324AE46B600B843E1 /* EmojiArtDocumentView.swift */; };
		872A80C624AE46B700B843E1 /* Assets.xcassets in Resources */ = {isa = PBXBuildFile; fileRef = 872A80C524AE46B700B843E1 /* Assets.xcassets */; };
		872A80C924AE46B700B843E1 /* Preview Assets.xcassets in Resources */ = {isa = PBXBuildFile; fileRef = 872A80C824AE46B700B843E1 /* Preview Assets.xcassets */; };
		872A80CC24AE46B700B843E1 /* LaunchScreen.storyboard in Resources */ = {isa = PBXBuildFile; fileRef = 872A80CA24AE46B700B843E1 /* LaunchScreen.storyboard */; };
		872A80D424AE46D100B843E1 /* EmojiArtDocument.swift in Sources */ = {isa = PBXBuildFile; fileRef = 872A80D324AE46D100B843E1 /* EmojiArtDocument.swift */; };
		872A80D624AE49E800B843E1 /* EmojiArt.swift in Sources */ = {isa = PBXBuildFile; fileRef = 872A80D524AE49E800B843E1 /* EmojiArt.swift */; };
		8748D78124D8388D008C1EC4 /* OptionalImage.swift in Sources */ = {isa = PBXBuildFile; fileRef = 8748D78024D8388D008C1EC4 /* OptionalImage.swift */; };
		8748D78324D83B47008C1EC4 /* AnimatableSystemFontModifier.swift in Sources */ = {isa = PBXBuildFile; fileRef = 8748D78224D83B47008C1EC4 /* AnimatableSystemFontModifier.swift */; };
		8748D78524D845EB008C1EC4 /* Spinning.swift in Sources */ = {isa = PBXBuildFile; fileRef = 8748D78424D845EB008C1EC4 /* Spinning.swift */; };
		8748D78724D84B74008C1EC4 /* PaletteChooser.swift in Sources */ = {isa = PBXBuildFile; fileRef = 8748D78624D84B74008C1EC4 /* PaletteChooser.swift */; };
		8748D78924D84C9E008C1EC4 /* EmojiArtDocumentPalette.swift in Sources */ = {isa = PBXBuildFile; fileRef = 8748D78824D84C9E008C1EC4 /* EmojiArtDocumentPalette.swift */; };
		8750177A24AE678D002BEF42 /* EmojiArtExtensions.swift in Sources */ = {isa = PBXBuildFile; fileRef = 8750177924AE678D002BEF42 /* EmojiArtExtensions.swift */; };
/* End PBXBuildFile section */

/* Begin PBXFileReference section */
		872A80BC24AE46B600B843E1 /* Emoji Art.app */ = {isa = PBXFileReference; explicitFileType = wrapper.application; includeInIndex = 0; path = "Emoji Art.app"; sourceTree = BUILT_PRODUCTS_DIR; };
		872A80BF24AE46B600B843E1 /* AppDelegate.swift */ = {isa = PBXFileReference; lastKnownFileType = sourcecode.swift; path = AppDelegate.swift; sourceTree = "<group>"; };
		872A80C124AE46B600B843E1 /* SceneDelegate.swift */ = {isa = PBXFileReference; lastKnownFileType = sourcecode.swift; path = SceneDelegate.swift; sourceTree = "<group>"; };
		872A80C324AE46B600B843E1 /* EmojiArtDocumentView.swift */ = {isa = PBXFileReference; lastKnownFileType = sourcecode.swift; path = EmojiArtDocumentView.swift; sourceTree = "<group>"; };
		872A80C524AE46B700B843E1 /* Assets.xcassets */ = {isa = PBXFileReference; lastKnownFileType = folder.assetcatalog; path = Assets.xcassets; sourceTree = "<group>"; };
		872A80C824AE46B700B843E1 /* Preview Assets.xcassets */ = {isa = PBXFileReference; lastKnownFileType = folder.assetcatalog; path = "Preview Assets.xcassets"; sourceTree = "<group>"; };
		872A80CB24AE46B700B843E1 /* Base */ = {isa = PBXFileReference; lastKnownFileType = file.storyboard; name = Base; path = Base.lproj/LaunchScreen.storyboard; sourceTree = "<group>"; };
		872A80CD24AE46B700B843E1 /* Info.plist */ = {isa = PBXFileReference; lastKnownFileType = text.plist.xml; path = Info.plist; sourceTree = "<group>"; };
		872A80D324AE46D100B843E1 /* EmojiArtDocument.swift */ = {isa = PBXFileReference; lastKnownFileType = sourcecode.swift; path = EmojiArtDocument.swift; sourceTree = SOURCE_ROOT; };
		872A80D524AE49E800B843E1 /* EmojiArt.swift */ = {isa = PBXFileReference; lastKnownFileType = sourcecode.swift; path = EmojiArt.swift; sourceTree = "<group>"; };
		8748D78024D8388D008C1EC4 /* OptionalImage.swift */ = {isa = PBXFileReference; lastKnownFileType = sourcecode.swift; path = OptionalImage.swift; sourceTree = "<group>"; };
		8748D78224D83B47008C1EC4 /* AnimatableSystemFontModifier.swift */ = {isa = PBXFileReference; fileEncoding = 4; lastKnownFileType = sourcecode.swift; path = AnimatableSystemFontModifier.swift; sourceTree = "<group>"; };
		8748D78424D845EB008C1EC4 /* Spinning.swift */ = {isa = PBXFileReference; lastKnownFileType = sourcecode.swift; path = Spinning.swift; sourceTree = "<group>"; };
		8748D78624D84B74008C1EC4 /* PaletteChooser.swift */ = {isa = PBXFileReference; lastKnownFileType = sourcecode.swift; path = PaletteChooser.swift; sourceTree = "<group>"; };
		8748D78824D84C9E008C1EC4 /* EmojiArtDocumentPalette.swift */ = {isa = PBXFileReference; fileEncoding = 4; lastKnownFileType = sourcecode.swift; path = EmojiArtDocumentPalette.swift; sourceTree = "<group>"; };
		8750177924AE678D002BEF42 /* EmojiArtExtensions.swift */ = {isa = PBXFileReference; fileEncoding = 4; lastKnownFileType = sourcecode.swift; path = EmojiArtExtensions.swift; sourceTree = "<group>"; };
/* End PBXFileReference section */

/* Begin PBXFrameworksBuildPhase section */
		872A80B924AE46B600B843E1 /* Frameworks */ = {
			isa = PBXFrameworksBuildPhase;
			buildActionMask = 2147483647;
			files = (
			);
			runOnlyForDeploymentPostprocessing = 0;
		};
/* End PBXFrameworksBuildPhase section */

/* Begin PBXGroup section */
		872A80B324AE46B600B843E1 = {
			isa = PBXGroup;
			children = (
				872A80BE24AE46B600B843E1 /* EmojiArt */,
				872A80BD24AE46B600B843E1 /* Products */,
			);
			sourceTree = "<group>";
		};
		872A80BD24AE46B600B843E1 /* Products */ = {
			isa = PBXGroup;
			children = (
				872A80BC24AE46B600B843E1 /* Emoji Art.app */,
			);
			name = Products;
			sourceTree = "<group>";
		};
		872A80BE24AE46B600B843E1 /* EmojiArt */ = {
			isa = PBXGroup;
			children = (
				8750177924AE678D002BEF42 /* EmojiArtExtensions.swift */,
				872A80D324AE46D100B843E1 /* EmojiArtDocument.swift */,
				8748D78624D84B74008C1EC4 /* PaletteChooser.swift */,
				872A80BF24AE46B600B843E1 /* AppDelegate.swift */,
				872A80C124AE46B600B843E1 /* SceneDelegate.swift */,
				8748D78224D83B47008C1EC4 /* AnimatableSystemFontModifier.swift */,
				8748D78824D84C9E008C1EC4 /* EmojiArtDocumentPalette.swift */,
				872A80C324AE46B600B843E1 /* EmojiArtDocumentView.swift */,
				8748D78424D845EB008C1EC4 /* Spinning.swift */,
				8748D78024D8388D008C1EC4 /* OptionalImage.swift */,
				872A80D524AE49E800B843E1 /* EmojiArt.swift */,
				872A80C524AE46B700B843E1 /* Assets.xcassets */,
				872A80CA24AE46B700B843E1 /* LaunchScreen.storyboard */,
				872A80CD24AE46B700B843E1 /* Info.plist */,
				872A80C724AE46B700B843E1 /* Preview Content */,
			);
			path = EmojiArt;
			sourceTree = "<group>";
		};
		872A80C724AE46B700B843E1 /* Preview Content */ = {
			isa = PBXGroup;
			children = (
				872A80C824AE46B700B843E1 /* Preview Assets.xcassets */,
			);
			path = "Preview Content";
			sourceTree = "<group>";
		};
/* End PBXGroup section */

/* Begin PBXNativeTarget section */
		872A80BB24AE46B600B843E1 /* EmojiArt */ = {
			isa = PBXNativeTarget;
			buildConfigurationList = 872A80D024AE46B700B843E1 /* Build configuration list for PBXNativeTarget "EmojiArt" */;
			buildPhases = (
				872A80B824AE46B600B843E1 /* Sources */,
				872A80B924AE46B600B843E1 /* Frameworks */,
				872A80BA24AE46B600B843E1 /* Resources */,
			);
			buildRules = (
			);
			dependencies = (
			);
			name = EmojiArt;
			productName = EmojiArt;
			productReference = 872A80BC24AE46B600B843E1 /* Emoji Art.app */;
			productType = "com.apple.product-type.application";
		};
/* End PBXNativeTarget section */

/* Begin PBXProject section */
		872A80B424AE46B600B843E1 /* Project object */ = {
			isa = PBXProject;
			attributes = {
				LastSwiftUpdateCheck = 1140;
				LastUpgradeCheck = 1140;
				ORGANIZATIONNAME = diego.rios;
				TargetAttributes = {
					872A80BB24AE46B600B843E1 = {
						CreatedOnToolsVersion = 11.4;
					};
				};
			};
			buildConfigurationList = 872A80B724AE46B600B843E1 /* Build configuration list for PBXProject "EmojiArt" */;
			compatibilityVersion = "Xcode 9.3";
			developmentRegion = en;
			hasScannedForEncodings = 0;
			knownRegions = (
				en,
				Base,
			);
			mainGroup = 872A80B324AE46B600B843E1;
			productRefGroup = 872A80BD24AE46B600B843E1 /* Products */;
			projectDirPath = "";
			projectRoot = "";
			targets = (
				872A80BB24AE46B600B843E1 /* EmojiArt */,
			);
		};
/* End PBXProject section */

/* Begin PBXResourcesBuildPhase section */
		872A80BA24AE46B600B843E1 /* Resources */ = {
			isa = PBXResourcesBuildPhase;
			buildActionMask = 2147483647;
			files = (
				872A80CC24AE46B700B843E1 /* LaunchScreen.storyboard in Resources */,
				872A80C924AE46B700B843E1 /* Preview Assets.xcassets in Resources */,
				872A80C624AE46B700B843E1 /* Assets.xcassets in Resources */,
			);
			runOnlyForDeploymentPostprocessing = 0;
		};
/* End PBXResourcesBuildPhase section */

/* Begin PBXSourcesBuildPhase section */
		872A80B824AE46B600B843E1 /* Sources */ = {
			isa = PBXSourcesBuildPhase;
			buildActionMask = 2147483647;
			files = (
				8748D78924D84C9E008C1EC4 /* EmojiArtDocumentPalette.swift in Sources */,
				872A80C024AE46B600B843E1 /* AppDelegate.swift in Sources */,
				872A80C224AE46B600B843E1 /* SceneDelegate.swift in Sources */,
				8750177A24AE678D002BEF42 /* EmojiArtExtensions.swift in Sources */,
				872A80D624AE49E800B843E1 /* EmojiArt.swift in Sources */,
				872A80C424AE46B600B843E1 /* EmojiArtDocumentView.swift in Sources */,
				8748D78124D8388D008C1EC4 /* OptionalImage.swift in Sources */,
				8748D78524D845EB008C1EC4 /* Spinning.swift in Sources */,
				8748D78324D83B47008C1EC4 /* AnimatableSystemFontModifier.swift in Sources */,
				872A80D424AE46D100B843E1 /* EmojiArtDocument.swift in Sources */,
				8748D78724D84B74008C1EC4 /* PaletteChooser.swift in Sources */,
			);
			runOnlyForDeploymentPostprocessing = 0;
		};
/* End PBXSourcesBuildPhase section */

/* Begin PBXVariantGroup section */
		872A80CA24AE46B700B843E1 /* LaunchScreen.storyboard */ = {
			isa = PBXVariantGroup;
			children = (
				872A80CB24AE46B700B843E1 /* Base */,
			);
			name = LaunchScreen.storyboard;
			sourceTree = "<group>";
		};
/* End PBXVariantGroup section */

/* Begin XCBuildConfiguration section */
		872A80CE24AE46B700B843E1 /* Debug */ = {
			isa = XCBuildConfiguration;
			buildSettings = {
				ALWAYS_SEARCH_USER_PATHS = NO;
				CLANG_ANALYZER_NONNULL = YES;
				CLANG_ANALYZER_NUMBER_OBJECT_CONVERSION = YES_AGGRESSIVE;
				CLANG_CXX_LANGUAGE_STANDARD = "gnu++14";
				CLANG_CXX_LIBRARY = "libc++";
				CLANG_ENABLE_MODULES = YES;
				CLANG_ENABLE_OBJC_ARC = YES;
				CLANG_ENABLE_OBJC_WEAK = YES;
				CLANG_WARN_BLOCK_CAPTURE_AUTORELEASING = YES;
				CLANG_WARN_BOOL_CONVERSION = YES;
				CLANG_WARN_COMMA = YES;
				CLANG_WARN_CONSTANT_CONVERSION = YES;
				CLANG_WARN_DEPRECATED_OBJC_IMPLEMENTATIONS = YES;
				CLANG_WARN_DIRECT_OBJC_ISA_USAGE = YES_ERROR;
				CLANG_WARN_DOCUMENTATION_COMMENTS = YES;
				CLANG_WARN_EMPTY_BODY = YES;
				CLANG_WARN_ENUM_CONVERSION = YES;
				CLANG_WARN_INFINITE_RECURSION = YES;
				CLANG_WARN_INT_CONVERSION = YES;
				CLANG_WARN_NON_LITERAL_NULL_CONVERSION = YES;
				CLANG_WARN_OBJC_IMPLICIT_RETAIN_SELF = YES;
				CLANG_WARN_OBJC_LITERAL_CONVERSION = YES;
				CLANG_WARN_OBJC_ROOT_CLASS = YES_ERROR;
				CLANG_WARN_RANGE_LOOP_ANALYSIS = YES;
				CLANG_WARN_STRICT_PROTOTYPES = YES;
				CLANG_WARN_SUSPICIOUS_MOVE = YES;
				CLANG_WARN_UNGUARDED_AVAILABILITY = YES_AGGRESSIVE;
				CLANG_WARN_UNREACHABLE_CODE = YES;
				CLANG_WARN__DUPLICATE_METHOD_MATCH = YES;
				COPY_PHASE_STRIP = NO;
				DEBUG_INFORMATION_FORMAT = dwarf;
				ENABLE_STRICT_OBJC_MSGSEND = YES;
				ENABLE_TESTABILITY = YES;
				GCC_C_LANGUAGE_STANDARD = gnu11;
				GCC_DYNAMIC_NO_PIC = NO;
				GCC_NO_COMMON_BLOCKS = YES;
				GCC_OPTIMIZATION_LEVEL = 0;
				GCC_PREPROCESSOR_DEFINITIONS = (
					"DEBUG=1",
					"$(inherited)",
				);
				GCC_WARN_64_TO_32_BIT_CONVERSION = YES;
				GCC_WARN_ABOUT_RETURN_TYPE = YES_ERROR;
				GCC_WARN_UNDECLARED_SELECTOR = YES;
				GCC_WARN_UNINITIALIZED_AUTOS = YES_AGGRESSIVE;
				GCC_WARN_UNUSED_FUNCTION = YES;
				GCC_WARN_UNUSED_VARIABLE = YES;
				IPHONEOS_DEPLOYMENT_TARGET = 13.4;
				MTL_ENABLE_DEBUG_INFO = INCLUDE_SOURCE;
				MTL_FAST_MATH = YES;
				ONLY_ACTIVE_ARCH = YES;
				SDKROOT = iphoneos;
				SWIFT_ACTIVE_COMPILATION_CONDITIONS = DEBUG;
				SWIFT_OPTIMIZATION_LEVEL = "-Onone";
			};
			name = Debug;
		};
		872A80CF24AE46B700B843E1 /* Release */ = {
			isa = XCBuildConfiguration;
			buildSettings = {
				ALWAYS_SEARCH_USER_PATHS = NO;
				CLANG_ANALYZER_NONNULL = YES;
				CLANG_ANALYZER_NUMBER_OBJECT_CONVERSION = YES_AGGRESSIVE;
				CLANG_CXX_LANGUAGE_STANDARD = "gnu++14";
				CLANG_CXX_LIBRARY = "libc++";
				CLANG_ENABLE_MODULES = YES;
				CLANG_ENABLE_OBJC_ARC = YES;
				CLANG_ENABLE_OBJC_WEAK = YES;
				CLANG_WARN_BLOCK_CAPTURE_AUTORELEASING = YES;
				CLANG_WARN_BOOL_CONVERSION = YES;
				CLANG_WARN_COMMA = YES;
				CLANG_WARN_CONSTANT_CONVERSION = YES;
				CLANG_WARN_DEPRECATED_OBJC_IMPLEMENTATIONS = YES;
				CLANG_WARN_DIRECT_OBJC_ISA_USAGE = YES_ERROR;
				CLANG_WARN_DOCUMENTATION_COMMENTS = YES;
				CLANG_WARN_EMPTY_BODY = YES;
				CLANG_WARN_ENUM_CONVERSION = YES;
				CLANG_WARN_INFINITE_RECURSION = YES;
				CLANG_WARN_INT_CONVERSION = YES;
				CLANG_WARN_NON_LITERAL_NULL_CONVERSION = YES;
				CLANG_WARN_OBJC_IMPLICIT_RETAIN_SELF = YES;
				CLANG_WARN_OBJC_LITERAL_CONVERSION = YES;
				CLANG_WARN_OBJC_ROOT_CLASS = YES_ERROR;
				CLANG_WARN_RANGE_LOOP_ANALYSIS = YES;
				CLANG_WARN_STRICT_PROTOTYPES = YES;
				CLANG_WARN_SUSPICIOUS_MOVE = YES;
				CLANG_WARN_UNGUARDED_AVAILABILITY = YES_AGGRESSIVE;
				CLANG_WARN_UNREACHABLE_CODE = YES;
				CLANG_WARN__DUPLICATE_METHOD_MATCH = YES;
				COPY_PHASE_STRIP = NO;
				DEBUG_INFORMATION_FORMAT = "dwarf-with-dsym";
				ENABLE_NS_ASSERTIONS = NO;
				ENABLE_STRICT_OBJC_MSGSEND = YES;
				GCC_C_LANGUAGE_STANDARD = gnu11;
				GCC_NO_COMMON_BLOCKS = YES;
				GCC_WARN_64_TO_32_BIT_CONVERSION = YES;
				GCC_WARN_ABOUT_RETURN_TYPE = YES_ERROR;
				GCC_WARN_UNDECLARED_SELECTOR = YES;
				GCC_WARN_UNINITIALIZED_AUTOS = YES_AGGRESSIVE;
				GCC_WARN_UNUSED_FUNCTION = YES;
				GCC_WARN_UNUSED_VARIABLE = YES;
				IPHONEOS_DEPLOYMENT_TARGET = 13.4;
				MTL_ENABLE_DEBUG_INFO = NO;
				MTL_FAST_MATH = YES;
				SDKROOT = iphoneos;
				SWIFT_COMPILATION_MODE = wholemodule;
				SWIFT_OPTIMIZATION_LEVEL = "-O";
				VALIDATE_PRODUCT = YES;
			};
			name = Release;
		};
		872A80D124AE46B700B843E1 /* Debug */ = {
			isa = XCBuildConfiguration;
			buildSettings = {
				ASSETCATALOG_COMPILER_APPICON_NAME = AppIcon;
				CODE_SIGN_STYLE = Automatic;
				DEVELOPMENT_ASSET_PATHS = "\"EmojiArt/Preview Content\"";
				ENABLE_PREVIEWS = YES;
				INFOPLIST_FILE = EmojiArt/Info.plist;
				LD_RUNPATH_SEARCH_PATHS = (
					"$(inherited)",
					"@executable_path/Frameworks",
				);
				PRODUCT_BUNDLE_IDENTIFIER = com.diego.EmojiArt;
				PRODUCT_NAME = "Emoji Art";
				SWIFT_VERSION = 5.0;
				TARGETED_DEVICE_FAMILY = "1,2";
			};
			name = Debug;
		};
		872A80D224AE46B700B843E1 /* Release */ = {
			isa = XCBuildConfiguration;
			buildSettings = {
				ASSETCATALOG_COMPILER_APPICON_NAME = AppIcon;
				CODE_SIGN_STYLE = Automatic;
				DEVELOPMENT_ASSET_PATHS = "\"EmojiArt/Preview Content\"";
				ENABLE_PREVIEWS = YES;
				INFOPLIST_FILE = EmojiArt/Info.plist;
				LD_RUNPATH_SEARCH_PATHS = (
					"$(inherited)",
					"@executable_path/Frameworks",
				);
				PRODUCT_BUNDLE_IDENTIFIER = com.diego.EmojiArt;
				PRODUCT_NAME = "Emoji Art";
				SWIFT_VERSION = 5.0;
				TARGETED_DEVICE_FAMILY = "1,2";
			};
			name = Release;
		};
/* End XCBuildConfiguration section */

/* Begin XCConfigurationList section */
		872A80B724AE46B600B843E1 /* Build configuration list for PBXProject "EmojiArt" */ = {
			isa = XCConfigurationList;
			buildConfigurations = (
				872A80CE24AE46B700B843E1 /* Debug */,
				872A80CF24AE46B700B843E1 /* Release */,
			);
			defaultConfigurationIsVisible = 0;
			defaultConfigurationName = Release;
		};
		872A80D024AE46B700B843E1 /* Build configuration list for PBXNativeTarget "EmojiArt" */ = {
			isa = XCConfigurationList;
			buildConfigurations = (
				872A80D124AE46B700B843E1 /* Debug */,
				872A80D224AE46B700B843E1 /* Release */,
			);
			defaultConfigurationIsVisible = 0;
			defaultConfigurationName = Release;
		};
/* End XCConfigurationList section */
	};
	rootObject = 872A80B424AE46B600B843E1 /* Project object */;
}
